
Microsoft Visual Studio Solution File, Format Version 12.00
# Visual Studio Version 17
VisualStudioVersion = 17.4.33205.214
MinimumVisualStudioVersion = 10.0.40219.1
Project("{FAE04EC0-301F-11D3-BF4B-00C04F79EFBC}") = "Casgem_Ajax", "Casgem_Ajax\Casgem_Ajax.csproj", "{2150B6D6-7CDE-406F-ABC8-470C6987F286}"
EndProject
Global
	GlobalSection(SolutionConfigurationPlatforms) = preSolution
		Debug|Any CPU = Debug|Any CPU
		Release|Any CPU = Release|Any CPU
	EndGlobalSection
	GlobalSection(ProjectConfigurationPlatforms) = postSolution
		{2150B6D6-7CDE-406F-ABC8-470C6987F286}.Debug|Any CPU.ActiveCfg = Debug|Any CPU
		{2150B6D6-7CDE-406F-ABC8-470C6987F286}.Debug|Any CPU.Build.0 = Debug|Any CPU
		{2150B6D6-7CDE-406F-ABC8-470C6987F286}.Release|Any CPU.ActiveCfg = Release|Any CPU
		{2150B6D6-7CDE-406F-ABC8-470C6987F286}.Release|Any CPU.Build.0 = Release|Any CPU
	EndGlobalSection
	GlobalSection(SolutionProperties) = preSolution
		HideSolutionNode = FALSE
	EndGlobalSection
	GlobalSection(ExtensibilityGlobals) = postSolution
		SolutionGuid = {ECACF2F6-FF33-42CA-85FF-EB3C334A55C2}
	EndGlobalSection
EndGlobal
